
Microsoft Visual Studio Solution File, Format Version 12.00
# Visual Studio Version 17
VisualStudioVersion = 17.3.32929.385
MinimumVisualStudioVersion = 10.0.40219.1
Project("{9A19103F-16F7-4668-BE54-9A1E7A4F7556}") = "ViagensWebApi", "viagensWebApi\ViagensWebApi.csproj", "{72699F10-7F05-4E66-8EBE-4A599B1A6EFF}"
EndProject
Global
	GlobalSection(SolutionConfigurationPlatforms) = preSolution
		Debug|Any CPU = Debug|Any CPU
		Release|Any CPU = Release|Any CPU
	EndGlobalSection
	GlobalSection(ProjectConfigurationPlatforms) = postSolution
		{72699F10-7F05-4E66-8EBE-4A599B1A6EFF}.Debug|Any CPU.ActiveCfg = Debug|Any CPU
		{72699F10-7F05-4E66-8EBE-4A599B1A6EFF}.Debug|Any CPU.Build.0 = Debug|Any CPU
		{72699F10-7F05-4E66-8EBE-4A599B1A6EFF}.Release|Any CPU.ActiveCfg = Release|Any CPU
		{72699F10-7F05-4E66-8EBE-4A599B1A6EFF}.Release|Any CPU.Build.0 = Release|Any CPU
	EndGlobalSection
	GlobalSection(SolutionProperties) = preSolution
		HideSolutionNode = FALSE
	EndGlobalSection
	GlobalSection(ExtensibilityGlobals) = postSolution
		SolutionGuid = {CDA4A4B9-5D0F-49AC-819E-D47F3AAF6A75}
	EndGlobalSection
EndGlobal
